
Microsoft Visual Studio Solution File, Format Version 12.00
# Visual Studio Version 17
VisualStudioVersion = 17.11.35312.102
MinimumVisualStudioVersion = 10.0.40219.1
Project("{9A19103F-16F7-4668-BE54-9A1E7A4F7556}") = "contactsapi", "contactsapi\contactsapi.csproj", "{6FEAD17F-5C8F-4D6C-BD77-DC3D61CE1AED}"
EndProject
Project("{FAE04EC0-301F-11D3-BF4B-00C04F79EFBC}") = "Coop.CommonLibrary", "..\..\..\..\..\Development\Common\Coop.CommonLibrary\Coop.CommonLibrary\Coop.CommonLibrary.csproj", "{67348826-395A-4DA2-A82E-343735E07513}"
EndProject
Project("{FAE04EC0-301F-11D3-BF4B-00C04F79EFBC}") = "Coop.Marvo", "..\..\..\..\..\Development\Common\Coop.Marvo\Coop.Marvo\Coop.Marvo.csproj", "{ECFBA897-1714-4C12-85BC-EA4564A57060}"
EndProject
Project("{2150E333-8FDC-42A3-9474-1A3956D46DE8}") = "Web", "Web", "{C7BC573F-D895-4BB1-A5EB-A2CA1328BAD5}"
EndProject
Project("{2150E333-8FDC-42A3-9474-1A3956D46DE8}") = "Shared", "Shared", "{4B6F0BBC-FAB1-437E-BACF-9A8FE2325631}"
EndProject
Project("{9A19103F-16F7-4668-BE54-9A1E7A4F7556}") = "Shared", "Shared\Shared.csproj", "{27A2456D-F86A-4493-B9EB-BDCD815E36DE}"
EndProject
Project("{2150E333-8FDC-42A3-9474-1A3956D46DE8}") = "DAL", "DAL", "{B89305C3-5AE8-4335-A9DD-1BAC5F65511A}"
EndProject
Project("{FAE04EC0-301F-11D3-BF4B-00C04F79EFBC}") = "contactsapi.DAL", "contactsapi.DAL\contactsapi.DAL.csproj", "{BE386D40-F8BA-4069-A894-748CB17509DB}"
EndProject
Project("{2150E333-8FDC-42A3-9474-1A3956D46DE8}") = "BLL", "BLL", "{48298053-FEE4-4885-A8FF-D73B6F2C7EFB}"
EndProject
Project("{FAE04EC0-301F-11D3-BF4B-00C04F79EFBC}") = "contactsapi.BLL", "contactsapi.BLL\contactsapi.BLL.csproj", "{E82B0458-38CB-4126-AEEC-2991F9775187}"
EndProject
Project("{2150E333-8FDC-42A3-9474-1A3956D46DE8}") = "Services", "Services", "{7FFB3515-587A-447A-9028-573121705F82}"
EndProject
Project("{FAE04EC0-301F-11D3-BF4B-00C04F79EFBC}") = "Services", "Services\Services.csproj", "{4A30E8FA-410B-48EC-957E-218C947C1691}"
EndProject
Global
	GlobalSection(SolutionConfigurationPlatforms) = preSolution
		Debug|Any CPU = Debug|Any CPU
		Debug|x64 = Debug|x64
		Release|Any CPU = Release|Any CPU
		Release|x64 = Release|x64
	EndGlobalSection
	GlobalSection(ProjectConfigurationPlatforms) = postSolution
		{6FEAD17F-5C8F-4D6C-BD77-DC3D61CE1AED}.Debug|Any CPU.ActiveCfg = Debug|Any CPU
		{6FEAD17F-5C8F-4D6C-BD77-DC3D61CE1AED}.Debug|Any CPU.Build.0 = Debug|Any CPU
		{6FEAD17F-5C8F-4D6C-BD77-DC3D61CE1AED}.Debug|x64.ActiveCfg = Debug|Any CPU
		{6FEAD17F-5C8F-4D6C-BD77-DC3D61CE1AED}.Debug|x64.Build.0 = Debug|Any CPU
		{6FEAD17F-5C8F-4D6C-BD77-DC3D61CE1AED}.Release|Any CPU.ActiveCfg = Release|Any CPU
		{6FEAD17F-5C8F-4D6C-BD77-DC3D61CE1AED}.Release|Any CPU.Build.0 = Release|Any CPU
		{6FEAD17F-5C8F-4D6C-BD77-DC3D61CE1AED}.Release|x64.ActiveCfg = Release|Any CPU
		{6FEAD17F-5C8F-4D6C-BD77-DC3D61CE1AED}.Release|x64.Build.0 = Release|Any CPU
		{67348826-395A-4DA2-A82E-343735E07513}.Debug|Any CPU.ActiveCfg = Debug|Any CPU
		{67348826-395A-4DA2-A82E-343735E07513}.Debug|Any CPU.Build.0 = Debug|Any CPU
		{67348826-395A-4DA2-A82E-343735E07513}.Debug|x64.ActiveCfg = Debug|Any CPU
		{67348826-395A-4DA2-A82E-343735E07513}.Debug|x64.Build.0 = Debug|Any CPU
		{67348826-395A-4DA2-A82E-343735E07513}.Release|Any CPU.ActiveCfg = Release|Any CPU
		{67348826-395A-4DA2-A82E-343735E07513}.Release|Any CPU.Build.0 = Release|Any CPU
		{67348826-395A-4DA2-A82E-343735E07513}.Release|x64.ActiveCfg = Release|Any CPU
		{67348826-395A-4DA2-A82E-343735E07513}.Release|x64.Build.0 = Release|Any CPU
		{ECFBA897-1714-4C12-85BC-EA4564A57060}.Debug|Any CPU.ActiveCfg = Debug|Any CPU
		{ECFBA897-1714-4C12-85BC-EA4564A57060}.Debug|Any CPU.Build.0 = Debug|Any CPU
		{ECFBA897-1714-4C12-85BC-EA4564A57060}.Debug|x64.ActiveCfg = Debug|x64
		{ECFBA897-1714-4C12-85BC-EA4564A57060}.Debug|x64.Build.0 = Debug|x64
		{ECFBA897-1714-4C12-85BC-EA4564A57060}.Release|Any CPU.ActiveCfg = Release|Any CPU
		{ECFBA897-1714-4C12-85BC-EA4564A57060}.Release|Any CPU.Build.0 = Release|Any CPU
		{ECFBA897-1714-4C12-85BC-EA4564A57060}.Release|x64.ActiveCfg = Release|x64
		{ECFBA897-1714-4C12-85BC-EA4564A57060}.Release|x64.Build.0 = Release|x64
		{27A2456D-F86A-4493-B9EB-BDCD815E36DE}.Debug|Any CPU.ActiveCfg = Debug|Any CPU
		{27A2456D-F86A-4493-B9EB-BDCD815E36DE}.Debug|Any CPU.Build.0 = Debug|Any CPU
		{27A2456D-F86A-4493-B9EB-BDCD815E36DE}.Debug|x64.ActiveCfg = Debug|Any CPU
		{27A2456D-F86A-4493-B9EB-BDCD815E36DE}.Debug|x64.Build.0 = Debug|Any CPU
		{27A2456D-F86A-4493-B9EB-BDCD815E36DE}.Release|Any CPU.ActiveCfg = Release|Any CPU
		{27A2456D-F86A-4493-B9EB-BDCD815E36DE}.Release|Any CPU.Build.0 = Release|Any CPU
		{27A2456D-F86A-4493-B9EB-BDCD815E36DE}.Release|x64.ActiveCfg = Release|Any CPU
		{27A2456D-F86A-4493-B9EB-BDCD815E36DE}.Release|x64.Build.0 = Release|Any CPU
		{BE386D40-F8BA-4069-A894-748CB17509DB}.Debug|Any CPU.ActiveCfg = Debug|Any CPU
		{BE386D40-F8BA-4069-A894-748CB17509DB}.Debug|Any CPU.Build.0 = Debug|Any CPU
		{BE386D40-F8BA-4069-A894-748CB17509DB}.Debug|x64.ActiveCfg = Debug|Any CPU
		{BE386D40-F8BA-4069-A894-748CB17509DB}.Debug|x64.Build.0 = Debug|Any CPU
		{BE386D40-F8BA-4069-A894-748CB17509DB}.Release|Any CPU.ActiveCfg = Release|Any CPU
		{BE386D40-F8BA-4069-A894-748CB17509DB}.Release|Any CPU.Build.0 = Release|Any CPU
		{BE386D40-F8BA-4069-A894-748CB17509DB}.Release|x64.ActiveCfg = Release|Any CPU
		{BE386D40-F8BA-4069-A894-748CB17509DB}.Release|x64.Build.0 = Release|Any CPU
		{E82B0458-38CB-4126-AEEC-2991F9775187}.Debug|Any CPU.ActiveCfg = Debug|Any CPU
		{E82B0458-38CB-4126-AEEC-2991F9775187}.Debug|Any CPU.Build.0 = Debug|Any CPU
		{E82B0458-38CB-4126-AEEC-2991F9775187}.Debug|x64.ActiveCfg = Debug|Any CPU
		{E82B0458-38CB-4126-AEEC-2991F9775187}.Debug|x64.Build.0 = Debug|Any CPU
		{E82B0458-38CB-4126-AEEC-2991F9775187}.Release|Any CPU.ActiveCfg = Release|Any CPU
		{E82B0458-38CB-4126-AEEC-2991F9775187}.Release|Any CPU.Build.0 = Release|Any CPU
		{E82B0458-38CB-4126-AEEC-2991F9775187}.Release|x64.ActiveCfg = Release|Any CPU
		{E82B0458-38CB-4126-AEEC-2991F9775187}.Release|x64.Build.0 = Release|Any CPU
		{4A30E8FA-410B-48EC-957E-218C947C1691}.Debug|Any CPU.ActiveCfg = Debug|Any CPU
		{4A30E8FA-410B-48EC-957E-218C947C1691}.Debug|Any CPU.Build.0 = Debug|Any CPU
		{4A30E8FA-410B-48EC-957E-218C947C1691}.Debug|x64.ActiveCfg = Debug|Any CPU
		{4A30E8FA-410B-48EC-957E-218C947C1691}.Debug|x64.Build.0 = Debug|Any CPU
		{4A30E8FA-410B-48EC-957E-218C947C1691}.Release|Any CPU.ActiveCfg = Release|Any CPU
		{4A30E8FA-410B-48EC-957E-218C947C1691}.Release|Any CPU.Build.0 = Release|Any CPU
		{4A30E8FA-410B-48EC-957E-218C947C1691}.Release|x64.ActiveCfg = Release|Any CPU
		{4A30E8FA-410B-48EC-957E-218C947C1691}.Release|x64.Build.0 = Release|Any CPU
	EndGlobalSection
	GlobalSection(SolutionProperties) = preSolution
		HideSolutionNode = FALSE
	EndGlobalSection
	GlobalSection(NestedProjects) = preSolution
		{6FEAD17F-5C8F-4D6C-BD77-DC3D61CE1AED} = {C7BC573F-D895-4BB1-A5EB-A2CA1328BAD5}
		{67348826-395A-4DA2-A82E-343735E07513} = {4B6F0BBC-FAB1-437E-BACF-9A8FE2325631}
		{ECFBA897-1714-4C12-85BC-EA4564A57060} = {4B6F0BBC-FAB1-437E-BACF-9A8FE2325631}
		{27A2456D-F86A-4493-B9EB-BDCD815E36DE} = {4B6F0BBC-FAB1-437E-BACF-9A8FE2325631}
		{BE386D40-F8BA-4069-A894-748CB17509DB} = {B89305C3-5AE8-4335-A9DD-1BAC5F65511A}
		{E82B0458-38CB-4126-AEEC-2991F9775187} = {48298053-FEE4-4885-A8FF-D73B6F2C7EFB}
		{4A30E8FA-410B-48EC-957E-218C947C1691} = {7FFB3515-587A-447A-9028-573121705F82}
	EndGlobalSection
	GlobalSection(ExtensibilityGlobals) = postSolution
		SolutionGuid = {C76E7CDB-09AD-4F59-9EC5-7B4A26211A9A}
	EndGlobalSection
EndGlobal
